// !$*UTF8*$!
{
	archiveVersion = 1;
	classes = {
	};
	objectVersion = 46;
	objects = {

/* Begin PBXBuildFile section */
		A800289E19DFEA7500CD1126 /* main.m in Sources */ = {isa = PBXBuildFile; fileRef = A800289D19DFEA7500CD1126 /* main.m */; };
		A80028A119DFEA7500CD1126 /* AppDelegate.m in Sources */ = {isa = PBXBuildFile; fileRef = A80028A019DFEA7500CD1126 /* AppDelegate.m */; };
		A80028A319DFEA7500CD1126 /* Images.xcassets in Resources */ = {isa = PBXBuildFile; fileRef = A80028A219DFEA7500CD1126 /* Images.xcassets */; };
		A80028A619DFEA7500CD1126 /* MainMenu.xib in Resources */ = {isa = PBXBuildFile; fileRef = A80028A419DFEA7500CD1126 /* MainMenu.xib */; };
		A80028B219DFEA7500CD1126 /* DMTests.m in Sources */ = {isa = PBXBuildFile; fileRef = A80028B119DFEA7500CD1126 /* DMTests.m */; };
		A80028C419E049DA00CD1126 /* D&D 512.png in Resources */ = {isa = PBXBuildFile; fileRef = A80028C319E049DA00CD1126 /* D&D 512.png */; };
		A80028C619E04A4600CD1126 /* D&D 256.png in Resources */ = {isa = PBXBuildFile; fileRef = A80028C519E04A4600CD1126 /* D&D 256.png */; };
		A80028C819E04A9700CD1126 /* D&D 128.png in Resources */ = {isa = PBXBuildFile; fileRef = A80028C719E04A9700CD1126 /* D&D 128.png */; };
		A80028CA19E04AB600CD1126 /* D&D 64.png in Resources */ = {isa = PBXBuildFile; fileRef = A80028C919E04AB600CD1126 /* D&D 64.png */; };
		A80028CC19E04AFE00CD1126 /* D&D 32.png in Resources */ = {isa = PBXBuildFile; fileRef = A80028CB19E04AFE00CD1126 /* D&D 32.png */; };
		A80028CF19E04B4300CD1126 /* D&D 16.png in Resources */ = {isa = PBXBuildFile; fileRef = A80028CE19E04B4300CD1126 /* D&D 16.png */; };
		A85298EB19E30AE4006FC577 /* DiceTemplate.png in Resources */ = {isa = PBXBuildFile; fileRef = A85298EA19E30AE4006FC577 /* DiceTemplate.png */; };
		A85298ED19E30BC6006FC577 /* PCTemplate.png in Resources */ = {isa = PBXBuildFile; fileRef = A85298EC19E30BC6006FC577 /* PCTemplate.png */; };
		A85298F119E325FE006FC577 /* MainView.m in Sources */ = {isa = PBXBuildFile; fileRef = A85298EF19E325FE006FC577 /* MainView.m */; };
		A85298F219E325FE006FC577 /* MainView.xib in Resources */ = {isa = PBXBuildFile; fileRef = A85298F019E325FE006FC577 /* MainView.xib */; };
		A85298F619E343CB006FC577 /* DiceViewcontroller.m in Sources */ = {isa = PBXBuildFile; fileRef = A85298F419E343CB006FC577 /* DiceViewcontroller.m */; };
		A85298F719E343CB006FC577 /* DiceViewcontroller.xib in Resources */ = {isa = PBXBuildFile; fileRef = A85298F519E343CB006FC577 /* DiceViewcontroller.xib */; };
		A85298FC19E3443E006FC577 /* NPCViewController.m in Sources */ = {isa = PBXBuildFile; fileRef = A85298FA19E3443E006FC577 /* NPCViewController.m */; };
		A85298FD19E3443E006FC577 /* NPCViewController.xib in Resources */ = {isa = PBXBuildFile; fileRef = A85298FB19E3443E006FC577 /* NPCViewController.xib */; };
		A86560DA19ECB4E60018C656 /* D&D 1024.png in Resources */ = {isa = PBXBuildFile; fileRef = A86560D919ECB4E60018C656 /* D&D 1024.png */; };
		A8BD1C0219ED9B5800F5D117 /* DM.xcdatamodeld in Sources */ = {isa = PBXBuildFile; fileRef = A8BD1C0019ED9B5800F5D117 /* DM.xcdatamodeld */; };
		A8C757FA19EF53980083B04B /* NPCTemplate.png in Resources */ = {isa = PBXBuildFile; fileRef = A8C757F919EF53980083B04B /* NPCTemplate.png */; };
		A8C757FC19EF5C200083B04B /* NPCTemplate2.png in Resources */ = {isa = PBXBuildFile; fileRef = A8C757FB19EF5C200083B04B /* NPCTemplate2.png */; };
		A8C7580019EF5C680083B04B /* PCViewController.m in Sources */ = {isa = PBXBuildFile; fileRef = A8C757FE19EF5C680083B04B /* PCViewController.m */; };
		A8C7580119EF5C680083B04B /* PCViewController.xib in Resources */ = {isa = PBXBuildFile; fileRef = A8C757FF19EF5C680083B04B /* PCViewController.xib */; };
		A8C7580519F01D400083B04B /* Skill.m in Sources */ = {isa = PBXBuildFile; fileRef = A8C7580419F01D400083B04B /* Skill.m */; };
		A8C7580819F01D410083B04B /* Race.m in Sources */ = {isa = PBXBuildFile; fileRef = A8C7580719F01D410083B04B /* Race.m */; };
		A8C7580B19F01D410083B04B /* Atributes.m in Sources */ = {isa = PBXBuildFile; fileRef = A8C7580A19F01D410083B04B /* Atributes.m */; };
		A8C7580E19F01D410083B04B /* NPC.m in Sources */ = {isa = PBXBuildFile; fileRef = A8C7580D19F01D410083B04B /* NPC.m */; };
		A8C7581119F01D410083B04B /* UserClass.m in Sources */ = {isa = PBXBuildFile; fileRef = A8C7581019F01D410083B04B /* UserClass.m */; };
		A8C7581419F01D410083B04B /* Weapon.m in Sources */ = {isa = PBXBuildFile; fileRef = A8C7581319F01D410083B04B /* Weapon.m */; };
		A8C7581719F01D410083B04B /* PC.m in Sources */ = {isa = PBXBuildFile; fileRef = A8C7581619F01D410083B04B /* PC.m */; };
		A8DC8ABC19E0BB2100950998 /* Bg.png in Resources */ = {isa = PBXBuildFile; fileRef = A8DC8ABB19E0BB2100950998 /* Bg.png */; };
		A8E2D71219E22E36005851D0 /* CoreData.framework in Frameworks */ = {isa = PBXBuildFile; fileRef = A8E2D71119E22E36005851D0 /* CoreData.framework */; };
/* End PBXBuildFile section */

/* Begin PBXContainerItemProxy section */
		A80028AC19DFEA7500CD1126 /* PBXContainerItemProxy */ = {
			isa = PBXContainerItemProxy;
			containerPortal = A800289019DFEA7500CD1126 /* Project object */;
			proxyType = 1;
			remoteGlobalIDString = A800289719DFEA7500CD1126;
			remoteInfo = DM;
		};
/* End PBXContainerItemProxy section */

/* Begin PBXFileReference section */
		A800289819DFEA7500CD1126 /* DM.app */ = {isa = PBXFileReference; explicitFileType = wrapper.application; includeInIndex = 0; path = DM.app; sourceTree = BUILT_PRODUCTS_DIR; };
		A800289C19DFEA7500CD1126 /* Info.plist */ = {isa = PBXFileReference; lastKnownFileType = text.plist.xml; path = Info.plist; sourceTree = "<group>"; };
		A800289D19DFEA7500CD1126 /* main.m */ = {isa = PBXFileReference; lastKnownFileType = sourcecode.c.objc; path = main.m; sourceTree = "<group>"; };
		A800289F19DFEA7500CD1126 /* AppDelegate.h */ = {isa = PBXFileReference; lastKnownFileType = sourcecode.c.h; path = AppDelegate.h; sourceTree = "<group>"; };
		A80028A019DFEA7500CD1126 /* AppDelegate.m */ = {isa = PBXFileReference; lastKnownFileType = sourcecode.c.objc; path = AppDelegate.m; sourceTree = "<group>"; };
		A80028A219DFEA7500CD1126 /* Images.xcassets */ = {isa = PBXFileReference; lastKnownFileType = folder.assetcatalog; path = Images.xcassets; sourceTree = "<group>"; };
		A80028A519DFEA7500CD1126 /* Base */ = {isa = PBXFileReference; lastKnownFileType = file.xib; name = Base; path = Base.lproj/MainMenu.xib; sourceTree = "<group>"; };
		A80028AB19DFEA7500CD1126 /* DMTests.xctest */ = {isa = PBXFileReference; explicitFileType = wrapper.cfbundle; includeInIndex = 0; path = DMTests.xctest; sourceTree = BUILT_PRODUCTS_DIR; };
		A80028B019DFEA7500CD1126 /* Info.plist */ = {isa = PBXFileReference; lastKnownFileType = text.plist.xml; path = Info.plist; sourceTree = "<group>"; };
		A80028B119DFEA7500CD1126 /* DMTests.m */ = {isa = PBXFileReference; lastKnownFileType = sourcecode.c.objc; path = DMTests.m; sourceTree = "<group>"; };
		A80028C319E049DA00CD1126 /* D&D 512.png */ = {isa = PBXFileReference; lastKnownFileType = image.png; path = "D&D 512.png"; sourceTree = "<group>"; };
		A80028C519E04A4600CD1126 /* D&D 256.png */ = {isa = PBXFileReference; lastKnownFileType = image.png; path = "D&D 256.png"; sourceTree = "<group>"; };
		A80028C719E04A9700CD1126 /* D&D 128.png */ = {isa = PBXFileReference; lastKnownFileType = image.png; path = "D&D 128.png"; sourceTree = "<group>"; };
		A80028C919E04AB600CD1126 /* D&D 64.png */ = {isa = PBXFileReference; lastKnownFileType = image.png; path = "D&D 64.png"; sourceTree = "<group>"; };
		A80028CB19E04AFE00CD1126 /* D&D 32.png */ = {isa = PBXFileReference; lastKnownFileType = image.png; path = "D&D 32.png"; sourceTree = "<group>"; };
		A80028CE19E04B4300CD1126 /* D&D 16.png */ = {isa = PBXFileReference; lastKnownFileType = image.png; path = "D&D 16.png"; sourceTree = "<group>"; };
		A85298EA19E30AE4006FC577 /* DiceTemplate.png */ = {isa = PBXFileReference; lastKnownFileType = image.png; name = DiceTemplate.png; path = Icons/DiceTemplate.png; sourceTree = "<group>"; };
		A85298EC19E30BC6006FC577 /* PCTemplate.png */ = {isa = PBXFileReference; lastKnownFileType = image.png; name = PCTemplate.png; path = Icons/PCTemplate.png; sourceTree = "<group>"; };
		A85298EE19E325FE006FC577 /* MainView.h */ = {isa = PBXFileReference; fileEncoding = 4; lastKnownFileType = sourcecode.c.h; path = MainView.h; sourceTree = "<group>"; };
		A85298EF19E325FE006FC577 /* MainView.m */ = {isa = PBXFileReference; fileEncoding = 4; lastKnownFileType = sourcecode.c.objc; path = MainView.m; sourceTree = "<group>"; };
		A85298F019E325FE006FC577 /* MainView.xib */ = {isa = PBXFileReference; fileEncoding = 4; lastKnownFileType = file.xib; path = MainView.xib; sourceTree = "<group>"; };
		A85298F319E343CB006FC577 /* DiceViewcontroller.h */ = {isa = PBXFileReference; fileEncoding = 4; lastKnownFileType = sourcecode.c.h; path = DiceViewcontroller.h; sourceTree = "<group>"; };
		A85298F419E343CB006FC577 /* DiceViewcontroller.m */ = {isa = PBXFileReference; fileEncoding = 4; lastKnownFileType = sourcecode.c.objc; path = DiceViewcontroller.m; sourceTree = "<group>"; };
		A85298F519E343CB006FC577 /* DiceViewcontroller.xib */ = {isa = PBXFileReference; fileEncoding = 4; lastKnownFileType = file.xib; path = DiceViewcontroller.xib; sourceTree = "<group>"; };
		A85298F919E3443E006FC577 /* NPCViewController.h */ = {isa = PBXFileReference; fileEncoding = 4; lastKnownFileType = sourcecode.c.h; path = NPCViewController.h; sourceTree = "<group>"; };
		A85298FA19E3443E006FC577 /* NPCViewController.m */ = {isa = PBXFileReference; fileEncoding = 4; lastKnownFileType = sourcecode.c.objc; path = NPCViewController.m; sourceTree = "<group>"; };
		A85298FB19E3443E006FC577 /* NPCViewController.xib */ = {isa = PBXFileReference; fileEncoding = 4; lastKnownFileType = file.xib; path = NPCViewController.xib; sourceTree = "<group>"; };
		A86560D919ECB4E60018C656 /* D&D 1024.png */ = {isa = PBXFileReference; lastKnownFileType = image.png; path = "D&D 1024.png"; sourceTree = "<group>"; };
		A8BD1C0119ED9B5800F5D117 /* DM.xcdatamodel */ = {isa = PBXFileReference; lastKnownFileType = wrapper.xcdatamodel; path = DM.xcdatamodel; sourceTree = "<group>"; };
		A8C757F919EF53980083B04B /* NPCTemplate.png */ = {isa = PBXFileReference; lastKnownFileType = image.png; name = NPCTemplate.png; path = Icons/NPCTemplate.png; sourceTree = "<group>"; };
		A8C757FB19EF5C200083B04B /* NPCTemplate2.png */ = {isa = PBXFileReference; lastKnownFileType = image.png; name = NPCTemplate2.png; path = Icons/NPCTemplate2.png; sourceTree = "<group>"; };
		A8C757FD19EF5C680083B04B /* PCViewController.h */ = {isa = PBXFileReference; fileEncoding = 4; lastKnownFileType = sourcecode.c.h; path = PCViewController.h; sourceTree = "<group>"; };
		A8C757FE19EF5C680083B04B /* PCViewController.m */ = {isa = PBXFileReference; fileEncoding = 4; lastKnownFileType = sourcecode.c.objc; path = PCViewController.m; sourceTree = "<group>"; };
		A8C757FF19EF5C680083B04B /* PCViewController.xib */ = {isa = PBXFileReference; fileEncoding = 4; lastKnownFileType = file.xib; path = PCViewController.xib; sourceTree = "<group>"; };
		A8C7580319F01D400083B04B /* Skill.h */ = {isa = PBXFileReference; fileEncoding = 4; lastKnownFileType = sourcecode.c.h; path = Skill.h; sourceTree = "<group>"; };
		A8C7580419F01D400083B04B /* Skill.m */ = {isa = PBXFileReference; fileEncoding = 4; lastKnownFileType = sourcecode.c.objc; path = Skill.m; sourceTree = "<group>"; };
		A8C7580619F01D410083B04B /* Race.h */ = {isa = PBXFileReference; fileEncoding = 4; lastKnownFileType = sourcecode.c.h; path = Race.h; sourceTree = "<group>"; };
		A8C7580719F01D410083B04B /* Race.m */ = {isa = PBXFileReference; fileEncoding = 4; lastKnownFileType = sourcecode.c.objc; path = Race.m; sourceTree = "<group>"; };
		A8C7580919F01D410083B04B /* Atributes.h */ = {isa = PBXFileReference; fileEncoding = 4; lastKnownFileType = sourcecode.c.h; path = Atributes.h; sourceTree = "<group>"; };
		A8C7580A19F01D410083B04B /* Atributes.m */ = {isa = PBXFileReference; fileEncoding = 4; lastKnownFileType = sourcecode.c.objc; path = Atributes.m; sourceTree = "<group>"; };
		A8C7580C19F01D410083B04B /* NPC.h */ = {isa = PBXFileReference; fileEncoding = 4; lastKnownFileType = sourcecode.c.h; path = NPC.h; sourceTree = "<group>"; };
		A8C7580D19F01D410083B04B /* NPC.m */ = {isa = PBXFileReference; fileEncoding = 4; lastKnownFileType = sourcecode.c.objc; path = NPC.m; sourceTree = "<group>"; };
		A8C7580F19F01D410083B04B /* UserClass.h */ = {isa = PBXFileReference; fileEncoding = 4; lastKnownFileType = sourcecode.c.h; path = UserClass.h; sourceTree = "<group>"; };
		A8C7581019F01D410083B04B /* UserClass.m */ = {isa = PBXFileReference; fileEncoding = 4; lastKnownFileType = sourcecode.c.objc; path = UserClass.m; sourceTree = "<group>"; };
		A8C7581219F01D410083B04B /* Weapon.h */ = {isa = PBXFileReference; fileEncoding = 4; lastKnownFileType = sourcecode.c.h; path = Weapon.h; sourceTree = "<group>"; };
		A8C7581319F01D410083B04B /* Weapon.m */ = {isa = PBXFileReference; fileEncoding = 4; lastKnownFileType = sourcecode.c.objc; path = Weapon.m; sourceTree = "<group>"; };
		A8C7581519F01D410083B04B /* PC.h */ = {isa = PBXFileReference; fileEncoding = 4; lastKnownFileType = sourcecode.c.h; path = PC.h; sourceTree = "<group>"; };
		A8C7581619F01D410083B04B /* PC.m */ = {isa = PBXFileReference; fileEncoding = 4; lastKnownFileType = sourcecode.c.objc; path = PC.m; sourceTree = "<group>"; };
		A8DC8ABB19E0BB2100950998 /* Bg.png */ = {isa = PBXFileReference; lastKnownFileType = image.png; path = Bg.png; sourceTree = "<group>"; };
		A8E2D71119E22E36005851D0 /* CoreData.framework */ = {isa = PBXFileReference; lastKnownFileType = wrapper.framework; name = CoreData.framework; path = System/Library/Frameworks/CoreData.framework; sourceTree = SDKROOT; };
/* End PBXFileReference section */

/* Begin PBXFrameworksBuildPhase section */
		A800289519DFEA7500CD1126 /* Frameworks */ = {
			isa = PBXFrameworksBuildPhase;
			buildActionMask = 2147483647;
			files = (
				A8E2D71219E22E36005851D0 /* CoreData.framework in Frameworks */,
			);
			runOnlyForDeploymentPostprocessing = 0;
		};
		A80028A819DFEA7500CD1126 /* Frameworks */ = {
			isa = PBXFrameworksBuildPhase;
			buildActionMask = 2147483647;
			files = (
			);
			runOnlyForDeploymentPostprocessing = 0;
		};
/* End PBXFrameworksBuildPhase section */

/* Begin PBXGroup section */
		A800288F19DFEA7500CD1126 = {
			isa = PBXGroup;
			children = (
				A8E2D71119E22E36005851D0 /* CoreData.framework */,
				A800289A19DFEA7500CD1126 /* DM */,
				A80028AE19DFEA7500CD1126 /* DMTests */,
				A800289919DFEA7500CD1126 /* Products */,
			);
			sourceTree = "<group>";
		};
		A800289919DFEA7500CD1126 /* Products */ = {
			isa = PBXGroup;
			children = (
				A800289819DFEA7500CD1126 /* DM.app */,
				A80028AB19DFEA7500CD1126 /* DMTests.xctest */,
			);
			name = Products;
			sourceTree = "<group>";
		};
		A800289A19DFEA7500CD1126 /* DM */ = {
			isa = PBXGroup;
			children = (
				A800289F19DFEA7500CD1126 /* AppDelegate.h */,
				A80028A019DFEA7500CD1126 /* AppDelegate.m */,
				A80028A219DFEA7500CD1126 /* Images.xcassets */,
				A80028A419DFEA7500CD1126 /* MainMenu.xib */,
				A85298EE19E325FE006FC577 /* MainView.h */,
				A85298EF19E325FE006FC577 /* MainView.m */,
				A85298F019E325FE006FC577 /* MainView.xib */,
				A8C7580219EF5C6D0083B04B /* PCView */,
				A85298FE19E3444A006FC577 /* NPCView */,
				A85298F819E343CF006FC577 /* DiceView */,
				A800289B19DFEA7500CD1126 /* Supporting Files */,
				A8EC2C2A19E1C65A00EFEEBF /* DMClass */,
			);
			path = DM;
			sourceTree = "<group>";
		};
		A800289B19DFEA7500CD1126 /* Supporting Files */ = {
			isa = PBXGroup;
			children = (
				A8C757FB19EF5C200083B04B /* NPCTemplate2.png */,
				A8C757F919EF53980083B04B /* NPCTemplate.png */,
				A85298EC19E30BC6006FC577 /* PCTemplate.png */,
				A85298EA19E30AE4006FC577 /* DiceTemplate.png */,
				A8DC8ABB19E0BB2100950998 /* Bg.png */,
				A86560D919ECB4E60018C656 /* D&D 1024.png */,
				A80028C319E049DA00CD1126 /* D&D 512.png */,
				A80028C519E04A4600CD1126 /* D&D 256.png */,
				A80028C719E04A9700CD1126 /* D&D 128.png */,
				A80028C919E04AB600CD1126 /* D&D 64.png */,
				A80028CB19E04AFE00CD1126 /* D&D 32.png */,
				A80028CE19E04B4300CD1126 /* D&D 16.png */,
				A800289C19DFEA7500CD1126 /* Info.plist */,
				A800289D19DFEA7500CD1126 /* main.m */,
			);
			name = "Supporting Files";
			sourceTree = "<group>";
		};
		A80028AE19DFEA7500CD1126 /* DMTests */ = {
			isa = PBXGroup;
			children = (
				A80028B119DFEA7500CD1126 /* DMTests.m */,
				A80028AF19DFEA7500CD1126 /* Supporting Files */,
			);
			path = DMTests;
			sourceTree = "<group>";
		};
		A80028AF19DFEA7500CD1126 /* Supporting Files */ = {
			isa = PBXGroup;
			children = (
				A80028B019DFEA7500CD1126 /* Info.plist */,
			);
			name = "Supporting Files";
			sourceTree = "<group>";
		};
		A85298F819E343CF006FC577 /* DiceView */ = {
			isa = PBXGroup;
			children = (
				A85298F319E343CB006FC577 /* DiceViewcontroller.h */,
				A85298F419E343CB006FC577 /* DiceViewcontroller.m */,
				A85298F519E343CB006FC577 /* DiceViewcontroller.xib */,
			);
			name = DiceView;
			sourceTree = "<group>";
		};
		A85298FE19E3444A006FC577 /* NPCView */ = {
			isa = PBXGroup;
			children = (
				A85298F919E3443E006FC577 /* NPCViewController.h */,
				A85298FA19E3443E006FC577 /* NPCViewController.m */,
				A85298FB19E3443E006FC577 /* NPCViewController.xib */,
			);
			name = NPCView;
			sourceTree = "<group>";
		};
		A8C7580219EF5C6D0083B04B /* PCView */ = {
			isa = PBXGroup;
			children = (
				A8C757FD19EF5C680083B04B /* PCViewController.h */,
				A8C757FE19EF5C680083B04B /* PCViewController.m */,
				A8C757FF19EF5C680083B04B /* PCViewController.xib */,
			);
			name = PCView;
			sourceTree = "<group>";
		};
		A8EC2C2A19E1C65A00EFEEBF /* DMClass */ = {
			isa = PBXGroup;
			children = (
				A8BD1C0019ED9B5800F5D117 /* DM.xcdatamodeld */,
				A8C7581519F01D410083B04B /* PC.h */,
				A8C7581619F01D410083B04B /* PC.m */,
				A8C7581219F01D410083B04B /* Weapon.h */,
				A8C7581319F01D410083B04B /* Weapon.m */,
				A8C7580F19F01D410083B04B /* UserClass.h */,
				A8C7581019F01D410083B04B /* UserClass.m */,
				A8C7580C19F01D410083B04B /* NPC.h */,
				A8C7580D19F01D410083B04B /* NPC.m */,
				A8C7580919F01D410083B04B /* Atributes.h */,
				A8C7580A19F01D410083B04B /* Atributes.m */,
				A8C7580619F01D410083B04B /* Race.h */,
				A8C7580719F01D410083B04B /* Race.m */,
				A8C7580319F01D400083B04B /* Skill.h */,
				A8C7580419F01D400083B04B /* Skill.m */,
			);
			name = DMClass;
			sourceTree = "<group>";
		};
/* End PBXGroup section */

/* Begin PBXNativeTarget section */
		A800289719DFEA7500CD1126 /* DM */ = {
			isa = PBXNativeTarget;
			buildConfigurationList = A80028B519DFEA7500CD1126 /* Build configuration list for PBXNativeTarget "DM" */;
			buildPhases = (
				A800289419DFEA7500CD1126 /* Sources */,
				A800289519DFEA7500CD1126 /* Frameworks */,
				A800289619DFEA7500CD1126 /* Resources */,
			);
			buildRules = (
			);
			dependencies = (
			);
			name = DM;
			productName = DM;
			productReference = A800289819DFEA7500CD1126 /* DM.app */;
			productType = "com.apple.product-type.application";
		};
		A80028AA19DFEA7500CD1126 /* DMTests */ = {
			isa = PBXNativeTarget;
			buildConfigurationList = A80028B819DFEA7500CD1126 /* Build configuration list for PBXNativeTarget "DMTests" */;
			buildPhases = (
				A80028A719DFEA7500CD1126 /* Sources */,
				A80028A819DFEA7500CD1126 /* Frameworks */,
				A80028A919DFEA7500CD1126 /* Resources */,
			);
			buildRules = (
			);
			dependencies = (
				A80028AD19DFEA7500CD1126 /* PBXTargetDependency */,
			);
			name = DMTests;
			productName = DMTests;
			productReference = A80028AB19DFEA7500CD1126 /* DMTests.xctest */;
			productType = "com.apple.product-type.bundle.unit-test";
		};
/* End PBXNativeTarget section */

/* Begin PBXProject section */
		A800289019DFEA7500CD1126 /* Project object */ = {
			isa = PBXProject;
			attributes = {
				LastUpgradeCheck = 0600;
				ORGANIZATIONNAME = "Luis Fernando Mata";
				TargetAttributes = {
					A800289719DFEA7500CD1126 = {
						CreatedOnToolsVersion = 6.0;
					};
					A80028AA19DFEA7500CD1126 = {
						CreatedOnToolsVersion = 6.0;
						TestTargetID = A800289719DFEA7500CD1126;
					};
				};
			};
			buildConfigurationList = A800289319DFEA7500CD1126 /* Build configuration list for PBXProject "DM" */;
			compatibilityVersion = "Xcode 3.2";
			developmentRegion = English;
			hasScannedForEncodings = 0;
			knownRegions = (
				en,
				Base,
			);
			mainGroup = A800288F19DFEA7500CD1126;
			productRefGroup = A800289919DFEA7500CD1126 /* Products */;
			projectDirPath = "";
			projectRoot = "";
			targets = (
				A800289719DFEA7500CD1126 /* DM */,
				A80028AA19DFEA7500CD1126 /* DMTests */,
			);
		};
/* End PBXProject section */

/* Begin PBXResourcesBuildPhase section */
		A800289619DFEA7500CD1126 /* Resources */ = {
			isa = PBXResourcesBuildPhase;
			buildActionMask = 2147483647;
			files = (
				A8DC8ABC19E0BB2100950998 /* Bg.png in Resources */,
				A80028C819E04A9700CD1126 /* D&D 128.png in Resources */,
				A85298ED19E30BC6006FC577 /* PCTemplate.png in Resources */,
				A80028CA19E04AB600CD1126 /* D&D 64.png in Resources */,
				A80028CF19E04B4300CD1126 /* D&D 16.png in Resources */,
				A80028CC19E04AFE00CD1126 /* D&D 32.png in Resources */,
				A80028A319DFEA7500CD1126 /* Images.xcassets in Resources */,
				A80028C619E04A4600CD1126 /* D&D 256.png in Resources */,
				A85298F219E325FE006FC577 /* MainView.xib in Resources */,
				A80028A619DFEA7500CD1126 /* MainMenu.xib in Resources */,
				A85298FD19E3443E006FC577 /* NPCViewController.xib in Resources */,
				A85298F719E343CB006FC577 /* DiceViewcontroller.xib in Resources */,
				A80028C419E049DA00CD1126 /* D&D 512.png in Resources */,
				A8C7580119EF5C680083B04B /* PCViewController.xib in Resources */,
				A8C757FC19EF5C200083B04B /* NPCTemplate2.png in Resources */,
				A86560DA19ECB4E60018C656 /* D&D 1024.png in Resources */,
				A85298EB19E30AE4006FC577 /* DiceTemplate.png in Resources */,
				A8C757FA19EF53980083B04B /* NPCTemplate.png in Resources */,
			);
			runOnlyForDeploymentPostprocessing = 0;
		};
		A80028A919DFEA7500CD1126 /* Resources */ = {
			isa = PBXResourcesBuildPhase;
			buildActionMask = 2147483647;
			files = (
			);
			runOnlyForDeploymentPostprocessing = 0;
		};
/* End PBXResourcesBuildPhase section */

/* Begin PBXSourcesBuildPhase section */
		A800289419DFEA7500CD1126 /* Sources */ = {
			isa = PBXSourcesBuildPhase;
			buildActionMask = 2147483647;
			files = (
				A8C7580E19F01D410083B04B /* NPC.m in Sources */,
				A8BD1C0219ED9B5800F5D117 /* DM.xcdatamodeld in Sources */,
				A8C7580819F01D410083B04B /* Race.m in Sources */,
				A8C7580519F01D400083B04B /* Skill.m in Sources */,
				A80028A119DFEA7500CD1126 /* AppDelegate.m in Sources */,
				A85298F619E343CB006FC577 /* DiceViewcontroller.m in Sources */,
				A8C7581419F01D410083B04B /* Weapon.m in Sources */,
				A8C7580B19F01D410083B04B /* Atributes.m in Sources */,
				A800289E19DFEA7500CD1126 /* main.m in Sources */,
				A85298FC19E3443E006FC577 /* NPCViewController.m in Sources */,
				A8C7581719F01D410083B04B /* PC.m in Sources */,
				A8C7580019EF5C680083B04B /* PCViewController.m in Sources */,
				A85298F119E325FE006FC577 /* MainView.m in Sources */,
				A8C7581119F01D410083B04B /* UserClass.m in Sources */,
			);
			runOnlyForDeploymentPostprocessing = 0;
		};
		A80028A719DFEA7500CD1126 /* Sources */ = {
			isa = PBXSourcesBuildPhase;
			buildActionMask = 2147483647;
			files = (
				A80028B219DFEA7500CD1126 /* DMTests.m in Sources */,
			);
			runOnlyForDeploymentPostprocessing = 0;
		};
/* End PBXSourcesBuildPhase section */

/* Begin PBXTargetDependency section */
		A80028AD19DFEA7500CD1126 /* PBXTargetDependency */ = {
			isa = PBXTargetDependency;
			target = A800289719DFEA7500CD1126 /* DM */;
			targetProxy = A80028AC19DFEA7500CD1126 /* PBXContainerItemProxy */;
		};
/* End PBXTargetDependency section */

/* Begin PBXVariantGroup section */
		A80028A419DFEA7500CD1126 /* MainMenu.xib */ = {
			isa = PBXVariantGroup;
			children = (
				A80028A519DFEA7500CD1126 /* Base */,
			);
			name = MainMenu.xib;
			sourceTree = "<group>";
		};
/* End PBXVariantGroup section */

/* Begin XCBuildConfiguration section */
		A80028B319DFEA7500CD1126 /* Debug */ = {
			isa = XCBuildConfiguration;
			buildSettings = {
				ALWAYS_SEARCH_USER_PATHS = NO;
				CLANG_CXX_LANGUAGE_STANDARD = "gnu++0x";
				CLANG_CXX_LIBRARY = "libc++";
				CLANG_ENABLE_MODULES = YES;
				CLANG_ENABLE_OBJC_ARC = YES;
				CLANG_WARN_BOOL_CONVERSION = YES;
				CLANG_WARN_CONSTANT_CONVERSION = YES;
				CLANG_WARN_DIRECT_OBJC_ISA_USAGE = YES_ERROR;
				CLANG_WARN_EMPTY_BODY = YES;
				CLANG_WARN_ENUM_CONVERSION = YES;
				CLANG_WARN_INT_CONVERSION = YES;
				CLANG_WARN_OBJC_ROOT_CLASS = YES_ERROR;
				CLANG_WARN_UNREACHABLE_CODE = YES;
				CLANG_WARN__DUPLICATE_METHOD_MATCH = YES;
				CODE_SIGN_IDENTITY = "-";
				COPY_PHASE_STRIP = NO;
				ENABLE_STRICT_OBJC_MSGSEND = YES;
				GCC_C_LANGUAGE_STANDARD = gnu99;
				GCC_DYNAMIC_NO_PIC = NO;
				GCC_OPTIMIZATION_LEVEL = 0;
				GCC_PREPROCESSOR_DEFINITIONS = (
					"DEBUG=1",
					"$(inherited)",
				);
				GCC_SYMBOLS_PRIVATE_EXTERN = NO;
				GCC_WARN_64_TO_32_BIT_CONVERSION = YES;
				GCC_WARN_ABOUT_RETURN_TYPE = YES_ERROR;
				GCC_WARN_UNDECLARED_SELECTOR = YES;
				GCC_WARN_UNINITIALIZED_AUTOS = YES_AGGRESSIVE;
				GCC_WARN_UNUSED_FUNCTION = YES;
				GCC_WARN_UNUSED_VARIABLE = YES;
				MACOSX_DEPLOYMENT_TARGET = 10.9;
				MTL_ENABLE_DEBUG_INFO = YES;
				ONLY_ACTIVE_ARCH = YES;
				SDKROOT = macosx;
			};
			name = Debug;
		};
		A80028B419DFEA7500CD1126 /* Release */ = {
			isa = XCBuildConfiguration;
			buildSettings = {
				ALWAYS_SEARCH_USER_PATHS = NO;
				CLANG_CXX_LANGUAGE_STANDARD = "gnu++0x";
				CLANG_CXX_LIBRARY = "libc++";
				CLANG_ENABLE_MODULES = YES;
				CLANG_ENABLE_OBJC_ARC = YES;
				CLANG_WARN_BOOL_CONVERSION = YES;
				CLANG_WARN_CONSTANT_CONVERSION = YES;
				CLANG_WARN_DIRECT_OBJC_ISA_USAGE = YES_ERROR;
				CLANG_WARN_EMPTY_BODY = YES;
				CLANG_WARN_ENUM_CONVERSION = YES;
				CLANG_WARN_INT_CONVERSION = YES;
				CLANG_WARN_OBJC_ROOT_CLASS = YES_ERROR;
				CLANG_WARN_UNREACHABLE_CODE = YES;
				CLANG_WARN__DUPLICATE_METHOD_MATCH = YES;
				CODE_SIGN_IDENTITY = "-";
				COPY_PHASE_STRIP = YES;
				DEBUG_INFORMATION_FORMAT = "dwarf-with-dsym";
				ENABLE_NS_ASSERTIONS = NO;
				ENABLE_STRICT_OBJC_MSGSEND = YES;
				GCC_C_LANGUAGE_STANDARD = gnu99;
				GCC_WARN_64_TO_32_BIT_CONVERSION = YES;
				GCC_WARN_ABOUT_RETURN_TYPE = YES_ERROR;
				GCC_WARN_UNDECLARED_SELECTOR = YES;
				GCC_WARN_UNINITIALIZED_AUTOS = YES_AGGRESSIVE;
				GCC_WARN_UNUSED_FUNCTION = YES;
				GCC_WARN_UNUSED_VARIABLE = YES;
				MACOSX_DEPLOYMENT_TARGET = 10.9;
				MTL_ENABLE_DEBUG_INFO = NO;
				SDKROOT = macosx;
			};
			name = Release;
		};
		A80028B619DFEA7500CD1126 /* Debug */ = {
			isa = XCBuildConfiguration;
			buildSettings = {
				ASSETCATALOG_COMPILER_APPICON_NAME = AppIcon;
				COMBINE_HIDPI_IMAGES = YES;
				INFOPLIST_FILE = DM/Info.plist;
				LD_RUNPATH_SEARCH_PATHS = "$(inherited) @executable_path/../Frameworks";
				PRODUCT_NAME = "$(TARGET_NAME)";
			};
			name = Debug;
		};
		A80028B719DFEA7500CD1126 /* Release */ = {
			isa = XCBuildConfiguration;
			buildSettings = {
				ASSETCATALOG_COMPILER_APPICON_NAME = AppIcon;
				COMBINE_HIDPI_IMAGES = YES;
				INFOPLIST_FILE = DM/Info.plist;
				LD_RUNPATH_SEARCH_PATHS = "$(inherited) @executable_path/../Frameworks";
				PRODUCT_NAME = "$(TARGET_NAME)";
			};
			name = Release;
		};
		A80028B919DFEA7500CD1126 /* Debug */ = {
			isa = XCBuildConfiguration;
			buildSettings = {
				BUNDLE_LOADER = "$(TEST_HOST)";
				COMBINE_HIDPI_IMAGES = YES;
				FRAMEWORK_SEARCH_PATHS = (
					"$(DEVELOPER_FRAMEWORKS_DIR)",
					"$(inherited)",
				);
				GCC_PREPROCESSOR_DEFINITIONS = (
					"DEBUG=1",
					"$(inherited)",
				);
				INFOPLIST_FILE = DMTests/Info.plist;
				LD_RUNPATH_SEARCH_PATHS = "$(inherited) @executable_path/../Frameworks @loader_path/../Frameworks";
				PRODUCT_NAME = "$(TARGET_NAME)";
				TEST_HOST = "$(BUILT_PRODUCTS_DIR)/DM.app/Contents/MacOS/DM";
			};
			name = Debug;
		};
		A80028BA19DFEA7500CD1126 /* Release */ = {
			isa = XCBuildConfiguration;
			buildSettings = {
				BUNDLE_LOADER = "$(TEST_HOST)";
				COMBINE_HIDPI_IMAGES = YES;
				FRAMEWORK_SEARCH_PATHS = (
					"$(DEVELOPER_FRAMEWORKS_DIR)",
					"$(inherited)",
				);
				INFOPLIST_FILE = DMTests/Info.plist;
				LD_RUNPATH_SEARCH_PATHS = "$(inherited) @executable_path/../Frameworks @loader_path/../Frameworks";
				PRODUCT_NAME = "$(TARGET_NAME)";
				TEST_HOST = "$(BUILT_PRODUCTS_DIR)/DM.app/Contents/MacOS/DM";
			};
			name = Release;
		};
/* End XCBuildConfiguration section */

/* Begin XCConfigurationList section */
		A800289319DFEA7500CD1126 /* Build configuration list for PBXProject "DM" */ = {
			isa = XCConfigurationList;
			buildConfigurations = (
				A80028B319DFEA7500CD1126 /* Debug */,
				A80028B419DFEA7500CD1126 /* Release */,
			);
			defaultConfigurationIsVisible = 0;
			defaultConfigurationName = Release;
		};
		A80028B519DFEA7500CD1126 /* Build configuration list for PBXNativeTarget "DM" */ = {
			isa = XCConfigurationList;
			buildConfigurations = (
				A80028B619DFEA7500CD1126 /* Debug */,
				A80028B719DFEA7500CD1126 /* Release */,
			);
			defaultConfigurationIsVisible = 0;
			defaultConfigurationName = Release;
		};
		A80028B819DFEA7500CD1126 /* Build configuration list for PBXNativeTarget "DMTests" */ = {
			isa = XCConfigurationList;
			buildConfigurations = (
				A80028B919DFEA7500CD1126 /* Debug */,
				A80028BA19DFEA7500CD1126 /* Release */,
			);
			defaultConfigurationIsVisible = 0;
			defaultConfigurationName = Release;
		};
/* End XCConfigurationList section */

/* Begin XCVersionGroup section */
		A8BD1C0019ED9B5800F5D117 /* DM.xcdatamodeld */ = {
			isa = XCVersionGroup;
			children = (
				A8BD1C0119ED9B5800F5D117 /* DM.xcdatamodel */,
			);
			currentVersion = A8BD1C0119ED9B5800F5D117 /* DM.xcdatamodel */;
			path = DM.xcdatamodeld;
			sourceTree = "<group>";
			versionGroupType = wrapper.xcdatamodel;
		};
/* End XCVersionGroup section */
	};
	rootObject = A800289019DFEA7500CD1126 /* Project object */;
}
